
Microsoft Visual Studio Solution File, Format Version 12.00
# Visual Studio Version 16
VisualStudioVersion = 16.0.32002.261
MinimumVisualStudioVersion = 10.0.40219.1
Project("{9A19103F-16F7-4668-BE54-9A1E7A4F7556}") = "API", "API\API.csproj", "{99B6E4B6-4E80-4E45-90A0-69F20CC92CA4}"
EndProject
Project("{FAE04EC0-301F-11D3-BF4B-00C04F79EFBC}") = "Client", "Client\Client.csproj", "{39302217-2095-4436-94E4-E10B350EC56E}"
EndProject
Global
	GlobalSection(SolutionConfigurationPlatforms) = preSolution
		Debug|Any CPU = Debug|Any CPU
		Release|Any CPU = Release|Any CPU
	EndGlobalSection
	GlobalSection(ProjectConfigurationPlatforms) = postSolution
		{99B6E4B6-4E80-4E45-90A0-69F20CC92CA4}.Debug|Any CPU.ActiveCfg = Debug|Any CPU
		{99B6E4B6-4E80-4E45-90A0-69F20CC92CA4}.Debug|Any CPU.Build.0 = Debug|Any CPU
		{99B6E4B6-4E80-4E45-90A0-69F20CC92CA4}.Release|Any CPU.ActiveCfg = Release|Any CPU
		{99B6E4B6-4E80-4E45-90A0-69F20CC92CA4}.Release|Any CPU.Build.0 = Release|Any CPU
		{39302217-2095-4436-94E4-E10B350EC56E}.Debug|Any CPU.ActiveCfg = Debug|Any CPU
		{39302217-2095-4436-94E4-E10B350EC56E}.Debug|Any CPU.Build.0 = Debug|Any CPU
		{39302217-2095-4436-94E4-E10B350EC56E}.Release|Any CPU.ActiveCfg = Release|Any CPU
		{39302217-2095-4436-94E4-E10B350EC56E}.Release|Any CPU.Build.0 = Release|Any CPU
	EndGlobalSection
	GlobalSection(SolutionProperties) = preSolution
		HideSolutionNode = FALSE
	EndGlobalSection
	GlobalSection(ExtensibilityGlobals) = postSolution
		SolutionGuid = {AD6AA77E-38C2-4489-8363-E3AA16E7AFEF}
	EndGlobalSection
EndGlobal
